
Microsoft Visual Studio Solution File, Format Version 12.00
# Visual Studio Version 17
VisualStudioVersion = 17.10.34928.147
MinimumVisualStudioVersion = 10.0.40219.1
Project("{FAE04EC0-301F-11D3-BF4B-00C04F79EFBC}") = "cau81c#", "cau81c#.csproj", "{6CD8A27E-7FF2-4098-89F6-981B994F830E}"
EndProject
Global
	GlobalSection(SolutionConfigurationPlatforms) = preSolution
		Debug|Any CPU = Debug|Any CPU
		Release|Any CPU = Release|Any CPU
	EndGlobalSection
	GlobalSection(ProjectConfigurationPlatforms) = postSolution
		{6CD8A27E-7FF2-4098-89F6-981B994F830E}.Debug|Any CPU.ActiveCfg = Debug|Any CPU
		{6CD8A27E-7FF2-4098-89F6-981B994F830E}.Debug|Any CPU.Build.0 = Debug|Any CPU
		{6CD8A27E-7FF2-4098-89F6-981B994F830E}.Release|Any CPU.ActiveCfg = Release|Any CPU
		{6CD8A27E-7FF2-4098-89F6-981B994F830E}.Release|Any CPU.Build.0 = Release|Any CPU
	EndGlobalSection
	GlobalSection(SolutionProperties) = preSolution
		HideSolutionNode = FALSE
	EndGlobalSection
	GlobalSection(ExtensibilityGlobals) = postSolution
		SolutionGuid = {C1E0D8CB-405C-4B04-AF02-6C31A8F480D6}
	EndGlobalSection
EndGlobal
